
Microsoft Visual Studio Solution File, Format Version 12.00
# Visual Studio Version 16
VisualStudioVersion = 16.0.30011.22
MinimumVisualStudioVersion = 10.0.40219.1
Project("{888888A0-9F3D-457C-B088-3A5042F75D52}") = "Solar Information", "Solar Information.pyproj", "{B8976972-DF16-46B8-B8B2-2B665CC84C9A}"
EndProject
Global
	GlobalSection(SolutionConfigurationPlatforms) = preSolution
		Debug|Any CPU = Debug|Any CPU
		Release|Any CPU = Release|Any CPU
	EndGlobalSection
	GlobalSection(ProjectConfigurationPlatforms) = postSolution
		{B8976972-DF16-46B8-B8B2-2B665CC84C9A}.Debug|Any CPU.ActiveCfg = Debug|Any CPU
		{B8976972-DF16-46B8-B8B2-2B665CC84C9A}.Release|Any CPU.ActiveCfg = Release|Any CPU
	EndGlobalSection
	GlobalSection(SolutionProperties) = preSolution
		HideSolutionNode = FALSE
	EndGlobalSection
	GlobalSection(ExtensibilityGlobals) = postSolution
		SolutionGuid = {0B597EB6-1A04-44D5-87B1-7A408F2B1370}
	EndGlobalSection
EndGlobal
